
Microsoft Visual Studio Solution File, Format Version 12.00
# Visual Studio Version 16
VisualStudioVersion = 25.0.1706.14
MinimumVisualStudioVersion = 10.0.40219.1
Project("{FAE04EC0-301F-11D3-BF4B-00C04F79EFBC}") = "Number Analyzer", "Number Analyzer.csproj", "{B500A9FA-A3D3-4AA6-8ED5-C6DE8D2BBE02}"
EndProject
Global
	GlobalSection(SolutionConfigurationPlatforms) = preSolution
		Debug|Any CPU = Debug|Any CPU
		Release|Any CPU = Release|Any CPU
	EndGlobalSection
	GlobalSection(ProjectConfigurationPlatforms) = postSolution
		{B500A9FA-A3D3-4AA6-8ED5-C6DE8D2BBE02}.Debug|Any CPU.ActiveCfg = Debug|Any CPU
		{B500A9FA-A3D3-4AA6-8ED5-C6DE8D2BBE02}.Debug|Any CPU.Build.0 = Debug|Any CPU
		{B500A9FA-A3D3-4AA6-8ED5-C6DE8D2BBE02}.Release|Any CPU.ActiveCfg = Release|Any CPU
		{B500A9FA-A3D3-4AA6-8ED5-C6DE8D2BBE02}.Release|Any CPU.Build.0 = Release|Any CPU
	EndGlobalSection
	GlobalSection(SolutionProperties) = preSolution
		HideSolutionNode = FALSE
	EndGlobalSection
	GlobalSection(ExtensibilityGlobals) = postSolution
		SolutionGuid = {D3C63767-650B-443E-9A95-EA99483AFBB8}
	EndGlobalSection
EndGlobal
