
Microsoft Visual Studio Solution File, Format Version 12.00
# Visual Studio Version 16
VisualStudioVersion = 25.0.1706.14
MinimumVisualStudioVersion = 10.0.40219.1
Project("{FAE04EC0-301F-11D3-BF4B-00C04F79EFBC}") = "Movies Lab", "Movies Lab.csproj", "{2AC80478-68E7-4DD8-AAE7-B4F82E49DC46}"
EndProject
Global
	GlobalSection(SolutionConfigurationPlatforms) = preSolution
		Debug|Any CPU = Debug|Any CPU
		Release|Any CPU = Release|Any CPU
	EndGlobalSection
	GlobalSection(ProjectConfigurationPlatforms) = postSolution
		{2AC80478-68E7-4DD8-AAE7-B4F82E49DC46}.Debug|Any CPU.ActiveCfg = Debug|Any CPU
		{2AC80478-68E7-4DD8-AAE7-B4F82E49DC46}.Debug|Any CPU.Build.0 = Debug|Any CPU
		{2AC80478-68E7-4DD8-AAE7-B4F82E49DC46}.Release|Any CPU.ActiveCfg = Release|Any CPU
		{2AC80478-68E7-4DD8-AAE7-B4F82E49DC46}.Release|Any CPU.Build.0 = Release|Any CPU
	EndGlobalSection
	GlobalSection(SolutionProperties) = preSolution
		HideSolutionNode = FALSE
	EndGlobalSection
	GlobalSection(ExtensibilityGlobals) = postSolution
		SolutionGuid = {32CF08A5-3916-42AC-B7BD-680CCBEB6F0E}
	EndGlobalSection
EndGlobal
